PODS:
  - Flutter (1.0.0)
  - flutter_line_sdk (2.3.6):
    - Flutter
    - LineSDKSwift (~> 5.3)
  - image_picker_ios (0.0.1):
    - Flutter
  - LineSDKSwift (5.11.0):
    - LineSDKSwift/Core (= 5.11.0)
  - LineSDKSwift/Core (5.11.0)
  - path_provider_foundation (0.0.1):
    - Flutter
    - FlutterMacOS
  - permission_handler_apple (9.1.1):
    - Flutter

DEPENDENCIES:
  - Flutter (from `Flutter`)
  - flutter_line_sdk (from `.symlinks/plugins/flutter_line_sdk/ios`)
  - image_picker_ios (from `.symlinks/plugins/image_picker_ios/ios`)
  - path_provider_foundation (from `.symlinks/plugins/path_provider_foundation/darwin`)
  - permission_handler_apple (from `.symlinks/plugins/permission_handler_apple/ios`)

SPEC REPOS:
  trunk:
    - LineSDKSwift

EXTERNAL SOURCES:
  Flutter:
    :path: Flutter
  flutter_line_sdk:
    :path: ".symlinks/plugins/flutter_line_sdk/ios"
  image_picker_ios:
    :path: ".symlinks/plugins/image_picker_ios/ios"
  path_provider_foundation:
    :path: ".symlinks/plugins/path_provider_foundation/darwin"
  permission_handler_apple:
    :path: ".symlinks/plugins/permission_handler_apple/ios"

SPEC CHECKSUMS:
  Flutter: f04841e97a9d0b0a8025694d0796dd46242b2854
  flutter_line_sdk: 76198d6c56481253ffda5af6dc8632d1f0c7db67
  image_picker_ios: 4a8aadfbb6dc30ad5141a2ce3832af9214a705b5
  LineSDKSwift: bfcf8ff6a94ac8e5becad608240e3801f7694857
  path_provider_foundation: 3784922295ac71e43754bd15e0653ccfd36a147c
  permission_handler_apple: e76247795d700c14ea09e3a2d8855d41ee80a2e6

PODFILE CHECKSUM: a57f30d18f102dd3ce366b1d62a55ecbef2158e5

COCOAPODS: 1.14.3
